
Microsoft Visual Studio Solution File, Format Version 12.00
# Visual Studio Version 17
VisualStudioVersion = 17.0.31903.59
MinimumVisualStudioVersion = 10.0.40219.1
Project("{FAE04EC0-301F-11D3-BF4B-00C04F79EFBC}") = "SistemaBiblioteca.API", "SistemaBiblioteca.API\SistemaBiblioteca.API.csproj", "{CFCBC284-5ED8-4B18-8384-EC1D2D789DB9}"
EndProject
Project("{FAE04EC0-301F-11D3-BF4B-00C04F79EFBC}") = "SistemaBiblioteca.Pages", "SistemaBiblioteca.Pages\SistemaBiblioteca.Pages.csproj", "{DE8AE413-AA1B-40D4-B0E0-8F990354704E}"
EndProject
Global
	GlobalSection(SolutionConfigurationPlatforms) = preSolution
		Debug|Any CPU = Debug|Any CPU
		Release|Any CPU = Release|Any CPU
	EndGlobalSection
	GlobalSection(SolutionProperties) = preSolution
		HideSolutionNode = FALSE
	EndGlobalSection
	GlobalSection(ProjectConfigurationPlatforms) = postSolution
		{CFCBC284-5ED8-4B18-8384-EC1D2D789DB9}.Debug|Any CPU.ActiveCfg = Debug|Any CPU
		{CFCBC284-5ED8-4B18-8384-EC1D2D789DB9}.Debug|Any CPU.Build.0 = Debug|Any CPU
		{CFCBC284-5ED8-4B18-8384-EC1D2D789DB9}.Release|Any CPU.ActiveCfg = Release|Any CPU
		{CFCBC284-5ED8-4B18-8384-EC1D2D789DB9}.Release|Any CPU.Build.0 = Release|Any CPU
		{DE8AE413-AA1B-40D4-B0E0-8F990354704E}.Debug|Any CPU.ActiveCfg = Debug|Any CPU
		{DE8AE413-AA1B-40D4-B0E0-8F990354704E}.Debug|Any CPU.Build.0 = Debug|Any CPU
		{DE8AE413-AA1B-40D4-B0E0-8F990354704E}.Release|Any CPU.ActiveCfg = Release|Any CPU
		{DE8AE413-AA1B-40D4-B0E0-8F990354704E}.Release|Any CPU.Build.0 = Release|Any CPU
	EndGlobalSection
EndGlobal
